
Microsoft Visual Studio Solution File, Format Version 12.00
# Visual Studio Version 16
VisualStudioVersion = 16.0.31105.61
MinimumVisualStudioVersion = 10.0.40219.1
Project("{FAE04EC0-301F-11D3-BF4B-00C04F79EFBC}") = "GestionZoo3", "GestionZoo3\GestionZoo3.csproj", "{35B6578A-3869-4E6A-86C5-B71C232BA88F}"
EndProject
Global
	GlobalSection(SolutionConfigurationPlatforms) = preSolution
		Debug|Any CPU = Debug|Any CPU
		Release|Any CPU = Release|Any CPU
	EndGlobalSection
	GlobalSection(ProjectConfigurationPlatforms) = postSolution
		{35B6578A-3869-4E6A-86C5-B71C232BA88F}.Debug|Any CPU.ActiveCfg = Debug|Any CPU
		{35B6578A-3869-4E6A-86C5-B71C232BA88F}.Debug|Any CPU.Build.0 = Debug|Any CPU
		{35B6578A-3869-4E6A-86C5-B71C232BA88F}.Release|Any CPU.ActiveCfg = Release|Any CPU
		{35B6578A-3869-4E6A-86C5-B71C232BA88F}.Release|Any CPU.Build.0 = Release|Any CPU
	EndGlobalSection
	GlobalSection(SolutionProperties) = preSolution
		HideSolutionNode = FALSE
	EndGlobalSection
	GlobalSection(ExtensibilityGlobals) = postSolution
		SolutionGuid = {A1902E5F-35EB-4203-8E79-795B1770E1D3}
	EndGlobalSection
EndGlobal
